// !$*UTF8*$!
{
	archiveVersion = 1;
	classes = {
	};
	objectVersion = 46;
	objects = {

/* Begin PBXBuildFile section */
		AD69D5421B2B913200C1E52D /* AudioToolbox.framework in Frameworks */ = {isa = PBXBuildFile; fileRef = AD69D5411B2B913200C1E52D /* AudioToolbox.framework */; };
		AD69D5911B30329900C1E52D /* cube00_0.jpg in CopyFiles */ = {isa = PBXBuildFile; fileRef = AD69D5781B30329900C1E52D /* cube00_0.jpg */; };
		AD69D5921B30329900C1E52D /* cube00_1.jpg in CopyFiles */ = {isa = PBXBuildFile; fileRef = AD69D5791B30329900C1E52D /* cube00_1.jpg */; };
		AD69D5931B30329900C1E52D /* cube00_2.jpg in CopyFiles */ = {isa = PBXBuildFile; fileRef = AD69D57A1B30329900C1E52D /* cube00_2.jpg */; };
		AD69D5941B30329900C1E52D /* cube00_3.jpg in CopyFiles */ = {isa = PBXBuildFile; fileRef = AD69D57B1B30329900C1E52D /* cube00_3.jpg */; };
		AD69D5951B30329900C1E52D /* cube00_4.jpg in CopyFiles */ = {isa = PBXBuildFile; fileRef = AD69D57C1B30329900C1E52D /* cube00_4.jpg */; };
		AD69D5961B30329900C1E52D /* cube00_5.jpg in CopyFiles */ = {isa = PBXBuildFile; fileRef = AD69D57D1B30329900C1E52D /* cube00_5.jpg */; };
		AD69D5971B30329900C1E52D /* cube01_0.png in CopyFiles */ = {isa = PBXBuildFile; fileRef = AD69D57E1B30329900C1E52D /* cube01_0.png */; };
		AD69D5981B30329900C1E52D /* cube01_1.png in CopyFiles */ = {isa = PBXBuildFile; fileRef = AD69D57F1B30329900C1E52D /* cube01_1.png */; };
		AD69D5991B30329900C1E52D /* cube01_2.png in CopyFiles */ = {isa = PBXBuildFile; fileRef = AD69D5801B30329900C1E52D /* cube01_2.png */; };
		AD69D59A1B30329900C1E52D /* cube01_3.png in CopyFiles */ = {isa = PBXBuildFile; fileRef = AD69D5811B30329900C1E52D /* cube01_3.png */; };
		AD69D59B1B30329900C1E52D /* cube01_4.png in CopyFiles */ = {isa = PBXBuildFile; fileRef = AD69D5821B30329900C1E52D /* cube01_4.png */; };
		AD69D59C1B30329900C1E52D /* cube01_5.png in CopyFiles */ = {isa = PBXBuildFile; fileRef = AD69D5831B30329900C1E52D /* cube01_5.png */; };
		AD69D59D1B30329900C1E52D /* mzk00.ogg in CopyFiles */ = {isa = PBXBuildFile; fileRef = AD69D5841B30329900C1E52D /* mzk00.ogg */; };
		AD69D59E1B30329900C1E52D /* mzk02.ogg in CopyFiles */ = {isa = PBXBuildFile; fileRef = AD69D5851B30329900C1E52D /* mzk02.ogg */; };
		AD69D59F1B30329900C1E52D /* tex00.jpg in CopyFiles */ = {isa = PBXBuildFile; fileRef = AD69D5861B30329900C1E52D /* tex00.jpg */; };
		AD69D5A01B30329900C1E52D /* tex02.jpg in CopyFiles */ = {isa = PBXBuildFile; fileRef = AD69D5871B30329900C1E52D /* tex02.jpg */; };
		AD69D5A11B30329900C1E52D /* tex03.jpg in CopyFiles */ = {isa = PBXBuildFile; fileRef = AD69D5881B30329900C1E52D /* tex03.jpg */; };
		AD69D5A21B30329900C1E52D /* tex04.jpg in CopyFiles */ = {isa = PBXBuildFile; fileRef = AD69D5891B30329900C1E52D /* tex04.jpg */; };
		AD69D5A31B30329900C1E52D /* tex06.jpg in CopyFiles */ = {isa = PBXBuildFile; fileRef = AD69D58A1B30329900C1E52D /* tex06.jpg */; };
		AD69D5A41B30329900C1E52D /* tex07.jpg in CopyFiles */ = {isa = PBXBuildFile; fileRef = AD69D58B1B30329900C1E52D /* tex07.jpg */; };
		AD69D5A51B30329900C1E52D /* tex08.jpg in CopyFiles */ = {isa = PBXBuildFile; fileRef = AD69D58C1B30329900C1E52D /* tex08.jpg */; };
		AD69D5A61B30329900C1E52D /* tex09.jpg in CopyFiles */ = {isa = PBXBuildFile; fileRef = AD69D58D1B30329900C1E52D /* tex09.jpg */; };
		AD69D5A71B30329900C1E52D /* tex12.png in CopyFiles */ = {isa = PBXBuildFile; fileRef = AD69D58E1B30329900C1E52D /* tex12.png */; };
		AD69D5A81B30329900C1E52D /* tex14.png in CopyFiles */ = {isa = PBXBuildFile; fileRef = AD69D58F1B30329900C1E52D /* tex14.png */; };
		AD69D5A91B30329900C1E52D /* tex16.png in CopyFiles */ = {isa = PBXBuildFile; fileRef = AD69D5901B30329900C1E52D /* tex16.png */; };
		ADBCFD871B23B2A800067F44 /* AppDelegate.m in Sources */ = {isa = PBXBuildFile; fileRef = ADBCFD861B23B2A800067F44 /* AppDelegate.m */; };
		ADBCFD891B23B2A800067F44 /* main.m in Sources */ = {isa = PBXBuildFile; fileRef = ADBCFD881B23B2A800067F44 /* main.m */; };
		ADBCFD8B1B23B2A800067F44 /* Images.xcassets in Resources */ = {isa = PBXBuildFile; fileRef = ADBCFD8A1B23B2A800067F44 /* Images.xcassets */; };
		ADBCFD8E1B23B2A800067F44 /* MainMenu.xib in Resources */ = {isa = PBXBuildFile; fileRef = ADBCFD8C1B23B2A800067F44 /* MainMenu.xib */; };
		ADBCFDA51B23BEBF00067F44 /* GLView.mm in Sources */ = {isa = PBXBuildFile; fileRef = ADBCFDA41B23BEBF00067F44 /* GLView.mm */; };
		ADBCFDB41B23BF8E00067F44 /* imgui.cpp in Sources */ = {isa = PBXBuildFile; fileRef = ADBCFDA81B23BF8E00067F44 /* imgui.cpp */; };
		ADBCFDB51B23BF8E00067F44 /* ImguiHelper.cpp in Sources */ = {isa = PBXBuildFile; fileRef = ADBCFDAA1B23BF8E00067F44 /* ImguiHelper.cpp */; };
		ADBCFDB61B23BF8E00067F44 /* ShadertoyTestHelper.cpp in Sources */ = {isa = PBXBuildFile; fileRef = ADBCFDAC1B23BF8E00067F44 /* ShadertoyTestHelper.cpp */; };
		ADBCFDB81B23BF8E00067F44 /* TestData.cpp in Sources */ = {isa = PBXBuildFile; fileRef = ADBCFDB31B23BF8E00067F44 /* TestData.cpp */; };
		ADBCFDBA1B23BFA400067F44 /* libshadertoy.a in Frameworks */ = {isa = PBXBuildFile; fileRef = ADBCFDB91B23BFA400067F44 /* libshadertoy.a */; };
		ADBCFDBD1B23C02E00067F44 /* ImguiPlatform.mm in Sources */ = {isa = PBXBuildFile; fileRef = ADBCFDBC1B23C02E00067F44 /* ImguiPlatform.mm */; };
/* End PBXBuildFile section */

/* Begin PBXCopyFilesBuildPhase section */
		AD69D5771B30328800C1E52D /* CopyFiles */ = {
			isa = PBXCopyFilesBuildPhase;
			buildActionMask = 2147483647;
			dstPath = data;
			dstSubfolderSpec = 7;
			files = (
				AD69D5911B30329900C1E52D /* cube00_0.jpg in CopyFiles */,
				AD69D5921B30329900C1E52D /* cube00_1.jpg in CopyFiles */,
				AD69D5931B30329900C1E52D /* cube00_2.jpg in CopyFiles */,
				AD69D5941B30329900C1E52D /* cube00_3.jpg in CopyFiles */,
				AD69D5951B30329900C1E52D /* cube00_4.jpg in CopyFiles */,
				AD69D5961B30329900C1E52D /* cube00_5.jpg in CopyFiles */,
				AD69D5971B30329900C1E52D /* cube01_0.png in CopyFiles */,
				AD69D5981B30329900C1E52D /* cube01_1.png in CopyFiles */,
				AD69D5991B30329900C1E52D /* cube01_2.png in CopyFiles */,
				AD69D59A1B30329900C1E52D /* cube01_3.png in CopyFiles */,
				AD69D59B1B30329900C1E52D /* cube01_4.png in CopyFiles */,
				AD69D59C1B30329900C1E52D /* cube01_5.png in CopyFiles */,
				AD69D59D1B30329900C1E52D /* mzk00.ogg in CopyFiles */,
				AD69D59E1B30329900C1E52D /* mzk02.ogg in CopyFiles */,
				AD69D59F1B30329900C1E52D /* tex00.jpg in CopyFiles */,
				AD69D5A01B30329900C1E52D /* tex02.jpg in CopyFiles */,
				AD69D5A11B30329900C1E52D /* tex03.jpg in CopyFiles */,
				AD69D5A21B30329900C1E52D /* tex04.jpg in CopyFiles */,
				AD69D5A31B30329900C1E52D /* tex06.jpg in CopyFiles */,
				AD69D5A41B30329900C1E52D /* tex07.jpg in CopyFiles */,
				AD69D5A51B30329900C1E52D /* tex08.jpg in CopyFiles */,
				AD69D5A61B30329900C1E52D /* tex09.jpg in CopyFiles */,
				AD69D5A71B30329900C1E52D /* tex12.png in CopyFiles */,
				AD69D5A81B30329900C1E52D /* tex14.png in CopyFiles */,
				AD69D5A91B30329900C1E52D /* tex16.png in CopyFiles */,
			);
			runOnlyForDeploymentPostprocessing = 0;
		};
/* End PBXCopyFilesBuildPhase section */

/* Begin PBXFileReference section */
		AD69D5401B2B5B2700C1E52D /* AudioQueueHelper.h */ = {isa = PBXFileReference; lastKnownFileType = sourcecode.c.h; path = AudioQueueHelper.h; sourceTree = "<group>"; };
		AD69D5411B2B913200C1E52D /* AudioToolbox.framework */ = {isa = PBXFileReference; lastKnownFileType = wrapper.framework; name = AudioToolbox.framework; path = System/Library/Frameworks/AudioToolbox.framework; sourceTree = SDKROOT; };
		AD69D5781B30329900C1E52D /* cube00_0.jpg */ = {isa = PBXFileReference; lastKnownFileType = image.jpeg; name = cube00_0.jpg; path = ../../data/cube00_0.jpg; sourceTree = "<group>"; };
		AD69D5791B30329900C1E52D /* cube00_1.jpg */ = {isa = PBXFileReference; lastKnownFileType = image.jpeg; name = cube00_1.jpg; path = ../../data/cube00_1.jpg; sourceTree = "<group>"; };
		AD69D57A1B30329900C1E52D /* cube00_2.jpg */ = {isa = PBXFileReference; lastKnownFileType = image.jpeg; name = cube00_2.jpg; path = ../../data/cube00_2.jpg; sourceTree = "<group>"; };
		AD69D57B1B30329900C1E52D /* cube00_3.jpg */ = {isa = PBXFileReference; lastKnownFileType = image.jpeg; name = cube00_3.jpg; path = ../../data/cube00_3.jpg; sourceTree = "<group>"; };
		AD69D57C1B30329900C1E52D /* cube00_4.jpg */ = {isa = PBXFileReference; lastKnownFileType = image.jpeg; name = cube00_4.jpg; path = ../../data/cube00_4.jpg; sourceTree = "<group>"; };
		AD69D57D1B30329900C1E52D /* cube00_5.jpg */ = {isa = PBXFileReference; lastKnownFileType = image.jpeg; name = cube00_5.jpg; path = ../../data/cube00_5.jpg; sourceTree = "<group>"; };
		AD69D57E1B30329900C1E52D /* cube01_0.png */ = {isa = PBXFileReference; lastKnownFileType = image.png; name = cube01_0.png; path = ../../data/cube01_0.png; sourceTree = "<group>"; };
		AD69D57F1B30329900C1E52D /* cube01_1.png */ = {isa = PBXFileReference; lastKnownFileType = image.png; name = cube01_1.png; path = ../../data/cube01_1.png; sourceTree = "<group>"; };
		AD69D5801B30329900C1E52D /* cube01_2.png */ = {isa = PBXFileReference; lastKnownFileType = image.png; name = cube01_2.png; path = ../../data/cube01_2.png; sourceTree = "<group>"; };
		AD69D5811B30329900C1E52D /* cube01_3.png */ = {isa = PBXFileReference; lastKnownFileType = image.png; name = cube01_3.png; path = ../../data/cube01_3.png; sourceTree = "<group>"; };
		AD69D5821B30329900C1E52D /* cube01_4.png */ = {isa = PBXFileReference; lastKnownFileType = image.png; name = cube01_4.png; path = ../../data/cube01_4.png; sourceTree = "<group>"; };
		AD69D5831B30329900C1E52D /* cube01_5.png */ = {isa = PBXFileReference; lastKnownFileType = image.png; name = cube01_5.png; path = ../../data/cube01_5.png; sourceTree = "<group>"; };
		AD69D5841B30329900C1E52D /* mzk00.ogg */ = {isa = PBXFileReference; lastKnownFileType = file; name = mzk00.ogg; path = ../../data/mzk00.ogg; sourceTree = "<group>"; };
		AD69D5851B30329900C1E52D /* mzk02.ogg */ = {isa = PBXFileReference; lastKnownFileType = file; name = mzk02.ogg; path = ../../data/mzk02.ogg; sourceTree = "<group>"; };
		AD69D5861B30329900C1E52D /* tex00.jpg */ = {isa = PBXFileReference; lastKnownFileType = image.jpeg; name = tex00.jpg; path = ../../data/tex00.jpg; sourceTree = "<group>"; };
		AD69D5871B30329900C1E52D /* tex02.jpg */ = {isa = PBXFileReference; lastKnownFileType = image.jpeg; name = tex02.jpg; path = ../../data/tex02.jpg; sourceTree = "<group>"; };
		AD69D5881B30329900C1E52D /* tex03.jpg */ = {isa = PBXFileReference; lastKnownFileType = image.jpeg; name = tex03.jpg; path = ../../data/tex03.jpg; sourceTree = "<group>"; };
		AD69D5891B30329900C1E52D /* tex04.jpg */ = {isa = PBXFileReference; lastKnownFileType = image.jpeg; name = tex04.jpg; path = ../../data/tex04.jpg; sourceTree = "<group>"; };
		AD69D58A1B30329900C1E52D /* tex06.jpg */ = {isa = PBXFileReference; lastKnownFileType = image.jpeg; name = tex06.jpg; path = ../../data/tex06.jpg; sourceTree = "<group>"; };
		AD69D58B1B30329900C1E52D /* tex07.jpg */ = {isa = PBXFileReference; lastKnownFileType = image.jpeg; name = tex07.jpg; path = ../../data/tex07.jpg; sourceTree = "<group>"; };
		AD69D58C1B30329900C1E52D /* tex08.jpg */ = {isa = PBXFileReference; lastKnownFileType = image.jpeg; name = tex08.jpg; path = ../../data/tex08.jpg; sourceTree = "<group>"; };
		AD69D58D1B30329900C1E52D /* tex09.jpg */ = {isa = PBXFileReference; lastKnownFileType = image.jpeg; name = tex09.jpg; path = ../../data/tex09.jpg; sourceTree = "<group>"; };
		AD69D58E1B30329900C1E52D /* tex12.png */ = {isa = PBXFileReference; lastKnownFileType = image.png; name = tex12.png; path = ../../data/tex12.png; sourceTree = "<group>"; };
		AD69D58F1B30329900C1E52D /* tex14.png */ = {isa = PBXFileReference; lastKnownFileType = image.png; name = tex14.png; path = ../../data/tex14.png; sourceTree = "<group>"; };
		AD69D5901B30329900C1E52D /* tex16.png */ = {isa = PBXFileReference; lastKnownFileType = image.png; name = tex16.png; path = ../../data/tex16.png; sourceTree = "<group>"; };
		AD69D5AE1B30FC4400C1E52D /* DataPath.h */ = {isa = PBXFileReference; lastKnownFileType = sourcecode.c.h; path = DataPath.h; sourceTree = "<group>"; };
		ADBCFD801B23B2A800067F44 /* shadertoy-test.app */ = {isa = PBXFileReference; explicitFileType = wrapper.application; includeInIndex = 0; path = "shadertoy-test.app"; sourceTree = BUILT_PRODUCTS_DIR; };
		ADBCFD841B23B2A800067F44 /* Info.plist */ = {isa = PBXFileReference; lastKnownFileType = text.plist.xml; path = Info.plist; sourceTree = "<group>"; };
		ADBCFD851B23B2A800067F44 /* AppDelegate.h */ = {isa = PBXFileReference; lastKnownFileType = sourcecode.c.h; path = AppDelegate.h; sourceTree = "<group>"; };
		ADBCFD861B23B2A800067F44 /* AppDelegate.m */ = {isa = PBXFileReference; lastKnownFileType = sourcecode.c.objc; path = AppDelegate.m; sourceTree = "<group>"; };
		ADBCFD881B23B2A800067F44 /* main.m */ = {isa = PBXFileReference; lastKnownFileType = sourcecode.c.objc; path = main.m; sourceTree = "<group>"; };
		ADBCFD8A1B23B2A800067F44 /* Images.xcassets */ = {isa = PBXFileReference; lastKnownFileType = folder.assetcatalog; path = Images.xcassets; sourceTree = "<group>"; };
		ADBCFD8D1B23B2A800067F44 /* Base */ = {isa = PBXFileReference; lastKnownFileType = file.xib; name = Base; path = Base.lproj/MainMenu.xib; sourceTree = "<group>"; };
		ADBCFDA31B23BE7900067F44 /* GLView.h */ = {isa = PBXFileReference; lastKnownFileType = sourcecode.c.h; path = GLView.h; sourceTree = "<group>"; };
		ADBCFDA41B23BEBF00067F44 /* GLView.mm */ = {isa = PBXFileReference; fileEncoding = 4; lastKnownFileType = sourcecode.cpp.objcpp; path = GLView.mm; sourceTree = "<group>"; };
		ADBCFDA71B23BF8E00067F44 /* imconfig.h */ = {isa = PBXFileReference; fileEncoding = 4; lastKnownFileType = sourcecode.c.h; name = imconfig.h; path = ../../common/imconfig.h; sourceTree = "<group>"; };
		ADBCFDA81B23BF8E00067F44 /* imgui.cpp */ = {isa = PBXFileReference; fileEncoding = 4; lastKnownFileType = sourcecode.cpp.cpp; name = imgui.cpp; path = ../../common/imgui.cpp; sourceTree = "<group>"; };
		ADBCFDA91B23BF8E00067F44 /* imgui.h */ = {isa = PBXFileReference; fileEncoding = 4; lastKnownFileType = sourcecode.c.h; name = imgui.h; path = ../../common/imgui.h; sourceTree = "<group>"; };
		ADBCFDAA1B23BF8E00067F44 /* ImguiHelper.cpp */ = {isa = PBXFileReference; fileEncoding = 4; lastKnownFileType = sourcecode.cpp.cpp; name = ImguiHelper.cpp; path = ../../common/ImguiHelper.cpp; sourceTree = "<group>"; };
		ADBCFDAB1B23BF8E00067F44 /* ImguiHelper.h */ = {isa = PBXFileReference; fileEncoding = 4; lastKnownFileType = sourcecode.c.h; name = ImguiHelper.h; path = ../../common/ImguiHelper.h; sourceTree = "<group>"; };
		ADBCFDAC1B23BF8E00067F44 /* ShadertoyTestHelper.cpp */ = {isa = PBXFileReference; fileEncoding = 4; lastKnownFileType = sourcecode.cpp.cpp; name = ShadertoyTestHelper.cpp; path = ../../common/ShadertoyTestHelper.cpp; sourceTree = "<group>"; };
		ADBCFDAD1B23BF8E00067F44 /* ShadertoyTestHelper.h */ = {isa = PBXFileReference; fileEncoding = 4; lastKnownFileType = sourcecode.c.h; name = ShadertoyTestHelper.h; path = ../../common/ShadertoyTestHelper.h; sourceTree = "<group>"; };
		ADBCFDAE1B23BF8E00067F44 /* stb_image.h */ = {isa = PBXFileReference; fileEncoding = 4; lastKnownFileType = sourcecode.c.h; name = stb_image.h; path = ../../common/stb_image.h; sourceTree = "<group>"; };
		ADBCFDAF1B23BF8E00067F44 /* stb_rect_pack.h */ = {isa = PBXFileReference; fileEncoding = 4; lastKnownFileType = sourcecode.c.h; name = stb_rect_pack.h; path = ../../common/stb_rect_pack.h; sourceTree = "<group>"; };
		ADBCFDB01B23BF8E00067F44 /* stb_textedit.h */ = {isa = PBXFileReference; fileEncoding = 4; lastKnownFileType = sourcecode.c.h; name = stb_textedit.h; path = ../../common/stb_textedit.h; sourceTree = "<group>"; };
		ADBCFDB11B23BF8E00067F44 /* stb_truetype.h */ = {isa = PBXFileReference; fileEncoding = 4; lastKnownFileType = sourcecode.c.h; name = stb_truetype.h; path = ../../common/stb_truetype.h; sourceTree = "<group>"; };
		ADBCFDB31B23BF8E00067F44 /* TestData.cpp */ = {isa = PBXFileReference; fileEncoding = 4; lastKnownFileType = sourcecode.cpp.cpp; name = TestData.cpp; path = ../../common/TestData.cpp; sourceTree = "<group>"; };
		ADBCFDB91B23BFA400067F44 /* libshadertoy.a */ = {isa = PBXFileReference; lastKnownFileType = archive.ar; name = libshadertoy.a; path = "../../../../../../Library/Developer/Xcode/DerivedData/shadertoy-czfirjremkptwgculwlkcuknhgja/Build/Products/Debug/libshadertoy.a"; sourceTree = "<group>"; };
		ADBCFDBB1B23C01700067F44 /* ImguiPlatform.h */ = {isa = PBXFileReference; lastKnownFileType = sourcecode.c.h; path = ImguiPlatform.h; sourceTree = "<group>"; };
		ADBCFDBC1B23C02E00067F44 /* ImguiPlatform.mm */ = {isa = PBXFileReference; fileEncoding = 4; lastKnownFileType = sourcecode.cpp.objcpp; path = ImguiPlatform.mm; sourceTree = "<group>"; };
/* End PBXFileReference section */

/* Begin PBXFrameworksBuildPhase section */
		ADBCFD7D1B23B2A800067F44 /* Frameworks */ = {
			isa = PBXFrameworksBuildPhase;
			buildActionMask = 2147483647;
			files = (
				AD69D5421B2B913200C1E52D /* AudioToolbox.framework in Frameworks */,
				ADBCFDBA1B23BFA400067F44 /* libshadertoy.a in Frameworks */,
			);
			runOnlyForDeploymentPostprocessing = 0;
		};
/* End PBXFrameworksBuildPhase section */

/* Begin PBXGroup section */
		AD69D5AA1B3032C300C1E52D /* data */ = {
			isa = PBXGroup;
			children = (
				AD69D5781B30329900C1E52D /* cube00_0.jpg */,
				AD69D5791B30329900C1E52D /* cube00_1.jpg */,
				AD69D57A1B30329900C1E52D /* cube00_2.jpg */,
				AD69D57B1B30329900C1E52D /* cube00_3.jpg */,
				AD69D57C1B30329900C1E52D /* cube00_4.jpg */,
				AD69D57D1B30329900C1E52D /* cube00_5.jpg */,
				AD69D57E1B30329900C1E52D /* cube01_0.png */,
				AD69D57F1B30329900C1E52D /* cube01_1.png */,
				AD69D5801B30329900C1E52D /* cube01_2.png */,
				AD69D5811B30329900C1E52D /* cube01_3.png */,
				AD69D5821B30329900C1E52D /* cube01_4.png */,
				AD69D5831B30329900C1E52D /* cube01_5.png */,
				AD69D5841B30329900C1E52D /* mzk00.ogg */,
				AD69D5851B30329900C1E52D /* mzk02.ogg */,
				AD69D5861B30329900C1E52D /* tex00.jpg */,
				AD69D5871B30329900C1E52D /* tex02.jpg */,
				AD69D5881B30329900C1E52D /* tex03.jpg */,
				AD69D5891B30329900C1E52D /* tex04.jpg */,
				AD69D58A1B30329900C1E52D /* tex06.jpg */,
				AD69D58B1B30329900C1E52D /* tex07.jpg */,
				AD69D58C1B30329900C1E52D /* tex08.jpg */,
				AD69D58D1B30329900C1E52D /* tex09.jpg */,
				AD69D58E1B30329900C1E52D /* tex12.png */,
				AD69D58F1B30329900C1E52D /* tex14.png */,
				AD69D5901B30329900C1E52D /* tex16.png */,
			);
			name = data;
			sourceTree = "<group>";
		};
		ADBCFD771B23B2A800067F44 = {
			isa = PBXGroup;
			children = (
				AD69D5AA1B3032C300C1E52D /* data */,
				AD69D5411B2B913200C1E52D /* AudioToolbox.framework */,
				ADBCFDB91B23BFA400067F44 /* libshadertoy.a */,
				ADBCFDA61B23BF7F00067F44 /* common */,
				ADBCFD821B23B2A800067F44 /* shadertoy-test */,
				ADBCFD811B23B2A800067F44 /* Products */,
			);
			sourceTree = "<group>";
		};
		ADBCFD811B23B2A800067F44 /* Products */ = {
			isa = PBXGroup;
			children = (
				ADBCFD801B23B2A800067F44 /* shadertoy-test.app */,
			);
			name = Products;
			sourceTree = "<group>";
		};
		ADBCFD821B23B2A800067F44 /* shadertoy-test */ = {
			isa = PBXGroup;
			children = (
				ADBCFDA41B23BEBF00067F44 /* GLView.mm */,
				ADBCFDA31B23BE7900067F44 /* GLView.h */,
				ADBCFD851B23B2A800067F44 /* AppDelegate.h */,
				ADBCFD861B23B2A800067F44 /* AppDelegate.m */,
				ADBCFD8A1B23B2A800067F44 /* Images.xcassets */,
				ADBCFD8C1B23B2A800067F44 /* MainMenu.xib */,
				ADBCFD831B23B2A800067F44 /* Supporting Files */,
				ADBCFDBB1B23C01700067F44 /* ImguiPlatform.h */,
				ADBCFDBC1B23C02E00067F44 /* ImguiPlatform.mm */,
				AD69D5401B2B5B2700C1E52D /* AudioQueueHelper.h */,
				AD69D5AE1B30FC4400C1E52D /* DataPath.h */,
			);
			path = "shadertoy-test";
			sourceTree = "<group>";
		};
		ADBCFD831B23B2A800067F44 /* Supporting Files */ = {
			isa = PBXGroup;
			children = (
				ADBCFD841B23B2A800067F44 /* Info.plist */,
				ADBCFD881B23B2A800067F44 /* main.m */,
			);
			name = "Supporting Files";
			sourceTree = "<group>";
		};
		ADBCFDA61B23BF7F00067F44 /* common */ = {
			isa = PBXGroup;
			children = (
				ADBCFDA71B23BF8E00067F44 /* imconfig.h */,
				ADBCFDA81B23BF8E00067F44 /* imgui.cpp */,
				ADBCFDA91B23BF8E00067F44 /* imgui.h */,
				ADBCFDAA1B23BF8E00067F44 /* ImguiHelper.cpp */,
				ADBCFDAB1B23BF8E00067F44 /* ImguiHelper.h */,
				ADBCFDAC1B23BF8E00067F44 /* ShadertoyTestHelper.cpp */,
				ADBCFDAD1B23BF8E00067F44 /* ShadertoyTestHelper.h */,
				ADBCFDAE1B23BF8E00067F44 /* stb_image.h */,
				ADBCFDAF1B23BF8E00067F44 /* stb_rect_pack.h */,
				ADBCFDB01B23BF8E00067F44 /* stb_textedit.h */,
				ADBCFDB11B23BF8E00067F44 /* stb_truetype.h */,
				ADBCFDB31B23BF8E00067F44 /* TestData.cpp */,
			);
			name = common;
			sourceTree = "<group>";
		};
/* End PBXGroup section */

/* Begin PBXNativeTarget section */
		ADBCFD7F1B23B2A800067F44 /* shadertoy-test */ = {
			isa = PBXNativeTarget;
			buildConfigurationList = ADBCFD9D1B23B2A800067F44 /* Build configuration list for PBXNativeTarget "shadertoy-test" */;
			buildPhases = (
				ADBCFD7C1B23B2A800067F44 /* Sources */,
				ADBCFD7D1B23B2A800067F44 /* Frameworks */,
				ADBCFD7E1B23B2A800067F44 /* Resources */,
				AD69D5771B30328800C1E52D /* CopyFiles */,
			);
			buildRules = (
			);
			dependencies = (
			);
			name = "shadertoy-test";
			productName = "shadertoy-test";
			productReference = ADBCFD801B23B2A800067F44 /* shadertoy-test.app */;
			productType = "com.apple.product-type.application";
		};
/* End PBXNativeTarget section */

/* Begin PBXProject section */
		ADBCFD781B23B2A800067F44 /* Project object */ = {
			isa = PBXProject;
			attributes = {
				LastUpgradeCheck = 0610;
				ORGANIZATIONNAME = beautypi;
				TargetAttributes = {
					ADBCFD7F1B23B2A800067F44 = {
						CreatedOnToolsVersion = 6.1.1;
					};
				};
			};
			buildConfigurationList = ADBCFD7B1B23B2A800067F44 /* Build configuration list for PBXProject "shadertoy-test" */;
			compatibilityVersion = "Xcode 3.2";
			developmentRegion = English;
			hasScannedForEncodings = 0;
			knownRegions = (
				en,
				Base,
			);
			mainGroup = ADBCFD771B23B2A800067F44;
			productRefGroup = ADBCFD811B23B2A800067F44 /* Products */;
			projectDirPath = "";
			projectRoot = "";
			targets = (
				ADBCFD7F1B23B2A800067F44 /* shadertoy-test */,
			);
		};
/* End PBXProject section */

/* Begin PBXResourcesBuildPhase section */
		ADBCFD7E1B23B2A800067F44 /* Resources */ = {
			isa = PBXResourcesBuildPhase;
			buildActionMask = 2147483647;
			files = (
				ADBCFD8B1B23B2A800067F44 /* Images.xcassets in Resources */,
				ADBCFD8E1B23B2A800067F44 /* MainMenu.xib in Resources */,
			);
			runOnlyForDeploymentPostprocessing = 0;
		};
/* End PBXResourcesBuildPhase section */

/* Begin PBXSourcesBuildPhase section */
		ADBCFD7C1B23B2A800067F44 /* Sources */ = {
			isa = PBXSourcesBuildPhase;
			buildActionMask = 2147483647;
			files = (
				ADBCFDA51B23BEBF00067F44 /* GLView.mm in Sources */,
				ADBCFDB51B23BF8E00067F44 /* ImguiHelper.cpp in Sources */,
				ADBCFDBD1B23C02E00067F44 /* ImguiPlatform.mm in Sources */,
				ADBCFDB41B23BF8E00067F44 /* imgui.cpp in Sources */,
				ADBCFD891B23B2A800067F44 /* main.m in Sources */,
				ADBCFD871B23B2A800067F44 /* AppDelegate.m in Sources */,
				ADBCFDB61B23BF8E00067F44 /* ShadertoyTestHelper.cpp in Sources */,
				ADBCFDB81B23BF8E00067F44 /* TestData.cpp in Sources */,
			);
			runOnlyForDeploymentPostprocessing = 0;
		};
/* End PBXSourcesBuildPhase section */

/* Begin PBXVariantGroup section */
		ADBCFD8C1B23B2A800067F44 /* MainMenu.xib */ = {
			isa = PBXVariantGroup;
			children = (
				ADBCFD8D1B23B2A800067F44 /* Base */,
			);
			name = MainMenu.xib;
			sourceTree = "<group>";
		};
/* End PBXVariantGroup section */

/* Begin XCBuildConfiguration section */
		ADBCFD9B1B23B2A800067F44 /* Debug */ = {
			isa = XCBuildConfiguration;
			buildSettings = {
				ALWAYS_SEARCH_USER_PATHS = NO;
				CLANG_CXX_LANGUAGE_STANDARD = "gnu++0x";
				CLANG_CXX_LIBRARY = "libc++";
				CLANG_ENABLE_MODULES = YES;
				CLANG_ENABLE_OBJC_ARC = YES;
				CLANG_WARN_BOOL_CONVERSION = YES;
				CLANG_WARN_CONSTANT_CONVERSION = YES;
				CLANG_WARN_DIRECT_OBJC_ISA_USAGE = YES_ERROR;
				CLANG_WARN_EMPTY_BODY = YES;
				CLANG_WARN_ENUM_CONVERSION = YES;
				CLANG_WARN_INT_CONVERSION = YES;
				CLANG_WARN_OBJC_ROOT_CLASS = YES_ERROR;
				CLANG_WARN_UNREACHABLE_CODE = YES;
				CLANG_WARN__DUPLICATE_METHOD_MATCH = YES;
				CODE_SIGN_IDENTITY = "-";
				COPY_PHASE_STRIP = NO;
				ENABLE_STRICT_OBJC_MSGSEND = YES;
				GCC_C_LANGUAGE_STANDARD = gnu99;
				GCC_DYNAMIC_NO_PIC = NO;
				GCC_OPTIMIZATION_LEVEL = 0;
				GCC_PREPROCESSOR_DEFINITIONS = (
					"DEBUG=1",
					"$(inherited)",
				);
				GCC_SYMBOLS_PRIVATE_EXTERN = NO;
				GCC_WARN_64_TO_32_BIT_CONVERSION = YES;
				GCC_WARN_ABOUT_RETURN_TYPE = YES_ERROR;
				GCC_WARN_UNDECLARED_SELECTOR = YES;
				GCC_WARN_UNINITIALIZED_AUTOS = YES_AGGRESSIVE;
				GCC_WARN_UNUSED_FUNCTION = YES;
				GCC_WARN_UNUSED_VARIABLE = YES;
				MACOSX_DEPLOYMENT_TARGET = 10.10;
				MTL_ENABLE_DEBUG_INFO = YES;
				ONLY_ACTIVE_ARCH = YES;
				SDKROOT = macosx;
			};
			name = Debug;
		};
		ADBCFD9C1B23B2A800067F44 /* Release */ = {
			isa = XCBuildConfiguration;
			buildSettings = {
				ALWAYS_SEARCH_USER_PATHS = NO;
				CLANG_CXX_LANGUAGE_STANDARD = "gnu++0x";
				CLANG_CXX_LIBRARY = "libc++";
				CLANG_ENABLE_MODULES = YES;
				CLANG_ENABLE_OBJC_ARC = YES;
				CLANG_WARN_BOOL_CONVERSION = YES;
				CLANG_WARN_CONSTANT_CONVERSION = YES;
				CLANG_WARN_DIRECT_OBJC_ISA_USAGE = YES_ERROR;
				CLANG_WARN_EMPTY_BODY = YES;
				CLANG_WARN_ENUM_CONVERSION = YES;
				CLANG_WARN_INT_CONVERSION = YES;
				CLANG_WARN_OBJC_ROOT_CLASS = YES_ERROR;
				CLANG_WARN_UNREACHABLE_CODE = YES;
				CLANG_WARN__DUPLICATE_METHOD_MATCH = YES;
				CODE_SIGN_IDENTITY = "-";
				COPY_PHASE_STRIP = YES;
				DEBUG_INFORMATION_FORMAT = "dwarf-with-dsym";
				ENABLE_NS_ASSERTIONS = NO;
				ENABLE_STRICT_OBJC_MSGSEND = YES;
				GCC_C_LANGUAGE_STANDARD = gnu99;
				GCC_WARN_64_TO_32_BIT_CONVERSION = YES;
				GCC_WARN_ABOUT_RETURN_TYPE = YES_ERROR;
				GCC_WARN_UNDECLARED_SELECTOR = YES;
				GCC_WARN_UNINITIALIZED_AUTOS = YES_AGGRESSIVE;
				GCC_WARN_UNUSED_FUNCTION = YES;
				GCC_WARN_UNUSED_VARIABLE = YES;
				MACOSX_DEPLOYMENT_TARGET = 10.10;
				MTL_ENABLE_DEBUG_INFO = NO;
				SDKROOT = macosx;
			};
			name = Release;
		};
		ADBCFD9E1B23B2A800067F44 /* Debug */ = {
			isa = XCBuildConfiguration;
			buildSettings = {
				ASSETCATALOG_COMPILER_APPICON_NAME = AppIcon;
				COMBINE_HIDPI_IMAGES = YES;
				HEADER_SEARCH_PATHS = (
					"$(inherited)",
					/Applications/Xcode.app/Contents/Developer/Toolchains/XcodeDefault.xctoolchain/usr/include,
					../../../include,
				);
				INFOPLIST_FILE = "shadertoy-test/Info.plist";
				LD_RUNPATH_SEARCH_PATHS = "$(inherited) @executable_path/../Frameworks";
				LIBRARY_SEARCH_PATHS = (
					"$(inherited)",
					"$(USER_LIBRARY_DIR)/Developer/Xcode/DerivedData/shadertoy-czfirjremkptwgculwlkcuknhgja/Build/Products/Debug",
				);
				PRODUCT_NAME = "$(TARGET_NAME)";
			};
			name = Debug;
		};
		ADBCFD9F1B23B2A800067F44 /* Release */ = {
			isa = XCBuildConfiguration;
			buildSettings = {
				ASSETCATALOG_COMPILER_APPICON_NAME = AppIcon;
				COMBINE_HIDPI_IMAGES = YES;
				HEADER_SEARCH_PATHS = (
					"$(inherited)",
					/Applications/Xcode.app/Contents/Developer/Toolchains/XcodeDefault.xctoolchain/usr/include,
					../../../include,
				);
				INFOPLIST_FILE = "shadertoy-test/Info.plist";
				LD_RUNPATH_SEARCH_PATHS = "$(inherited) @executable_path/../Frameworks";
				LIBRARY_SEARCH_PATHS = (
					"$(inherited)",
					"$(USER_LIBRARY_DIR)/Developer/Xcode/DerivedData/shadertoy-czfirjremkptwgculwlkcuknhgja/Build/Products/Debug",
				);
				PRODUCT_NAME = "$(TARGET_NAME)";
			};
			name = Release;
		};
/* End XCBuildConfiguration section */

/* Begin XCConfigurationList section */
		ADBCFD7B1B23B2A800067F44 /* Build configuration list for PBXProject "shadertoy-test" */ = {
			isa = XCConfigurationList;
			buildConfigurations = (
				ADBCFD9B1B23B2A800067F44 /* Debug */,
				ADBCFD9C1B23B2A800067F44 /* Release */,
			);
			defaultConfigurationIsVisible = 0;
			defaultConfigurationName = Release;
		};
		ADBCFD9D1B23B2A800067F44 /* Build configuration list for PBXNativeTarget "shadertoy-test" */ = {
			isa = XCConfigurationList;
			buildConfigurations = (
				ADBCFD9E1B23B2A800067F44 /* Debug */,
				ADBCFD9F1B23B2A800067F44 /* Release */,
			);
			defaultConfigurationIsVisible = 0;
			defaultConfigurationName = Release;
		};
/* End XCConfigurationList section */
	};
	rootObject = ADBCFD781B23B2A800067F44 /* Project object */;
}
